
Microsoft Visual Studio Solution File, Format Version 12.00
# Visual Studio Version 17
VisualStudioVersion = 17.0.31903.59
MinimumVisualStudioVersion = 10.0.40219.1
Project("{9A19103F-16F7-4668-BE54-9A1E7A4F7556}") = "Task 1", "Task 1\Task 1.csproj", "{845C85F9-7A98-4C24-BC53-498BED8E1538}"
EndProject
Project("{9A19103F-16F7-4668-BE54-9A1E7A4F7556}") = "Task 2", "Task 2\Task 2.csproj", "{29117FD3-7374-4A23-9BAD-A305551DE004}"
EndProject
Project("{FAE04EC0-301F-11D3-BF4B-00C04F79EFBC}") = "Task 3", "Task 3\Task 3.csproj", "{9D61DF2F-1421-48DF-B9D3-11F196B6F0C2}"
EndProject
Global
	GlobalSection(SolutionConfigurationPlatforms) = preSolution
		Debug|Any CPU = Debug|Any CPU
		Release|Any CPU = Release|Any CPU
	EndGlobalSection
	GlobalSection(ProjectConfigurationPlatforms) = postSolution
		{845C85F9-7A98-4C24-BC53-498BED8E1538}.Debug|Any CPU.ActiveCfg = Debug|Any CPU
		{845C85F9-7A98-4C24-BC53-498BED8E1538}.Debug|Any CPU.Build.0 = Debug|Any CPU
		{845C85F9-7A98-4C24-BC53-498BED8E1538}.Release|Any CPU.ActiveCfg = Release|Any CPU
		{845C85F9-7A98-4C24-BC53-498BED8E1538}.Release|Any CPU.Build.0 = Release|Any CPU
		{29117FD3-7374-4A23-9BAD-A305551DE004}.Debug|Any CPU.ActiveCfg = Debug|Any CPU
		{29117FD3-7374-4A23-9BAD-A305551DE004}.Debug|Any CPU.Build.0 = Debug|Any CPU
		{29117FD3-7374-4A23-9BAD-A305551DE004}.Release|Any CPU.ActiveCfg = Release|Any CPU
		{29117FD3-7374-4A23-9BAD-A305551DE004}.Release|Any CPU.Build.0 = Release|Any CPU
		{9D61DF2F-1421-48DF-B9D3-11F196B6F0C2}.Debug|Any CPU.ActiveCfg = Debug|Any CPU
		{9D61DF2F-1421-48DF-B9D3-11F196B6F0C2}.Debug|Any CPU.Build.0 = Debug|Any CPU
		{9D61DF2F-1421-48DF-B9D3-11F196B6F0C2}.Release|Any CPU.ActiveCfg = Release|Any CPU
		{9D61DF2F-1421-48DF-B9D3-11F196B6F0C2}.Release|Any CPU.Build.0 = Release|Any CPU
	EndGlobalSection
	GlobalSection(SolutionProperties) = preSolution
		HideSolutionNode = FALSE
	EndGlobalSection
	GlobalSection(ExtensibilityGlobals) = postSolution
		SolutionGuid = {26F11CDD-A12D-4C44-A4FE-D625C3CB3632}
	EndGlobalSection
EndGlobal
